// !$*UTF8*$!
{
	archiveVersion = 1;
	classes = {
	};
	objectVersion = 48;
	objects = {

/* Begin PBXBuildFile section */
		9666084F202B220E0063CFB4 /* AppDelegate.swift in Sources */ = {isa = PBXBuildFile; fileRef = 9666084E202B220E0063CFB4 /* AppDelegate.swift */; };
		96660851202B220E0063CFB4 /* ViewController.swift in Sources */ = {isa = PBXBuildFile; fileRef = 96660850202B220E0063CFB4 /* ViewController.swift */; };
		96660854202B220E0063CFB4 /* Main.storyboard in Resources */ = {isa = PBXBuildFile; fileRef = 96660852202B220E0063CFB4 /* Main.storyboard */; };
		96660857202B220E0063CFB4 /* GitxCode.xcdatamodeld in Sources */ = {isa = PBXBuildFile; fileRef = 96660855202B220E0063CFB4 /* GitxCode.xcdatamodeld */; };
		96660859202B220E0063CFB4 /* Assets.xcassets in Resources */ = {isa = PBXBuildFile; fileRef = 96660858202B220E0063CFB4 /* Assets.xcassets */; };
		9666085C202B220E0063CFB4 /* LaunchScreen.storyboard in Resources */ = {isa = PBXBuildFile; fileRef = 9666085A202B220E0063CFB4 /* LaunchScreen.storyboard */; };
		96660867202B220E0063CFB4 /* GitxCodeTests.swift in Sources */ = {isa = PBXBuildFile; fileRef = 96660866202B220E0063CFB4 /* GitxCodeTests.swift */; };
		96660872202B220E0063CFB4 /* GitxCodeUITests.swift in Sources */ = {isa = PBXBuildFile; fileRef = 96660871202B220E0063CFB4 /* GitxCodeUITests.swift */; };
/* End PBXBuildFile section */

/* Begin PBXContainerItemProxy section */
		96660863202B220E0063CFB4 /* PBXContainerItemProxy */ = {
			isa = PBXContainerItemProxy;
			containerPortal = 96660843202B220E0063CFB4 /* Project object */;
			proxyType = 1;
			remoteGlobalIDString = 9666084A202B220E0063CFB4;
			remoteInfo = GitxCode;
		};
		9666086E202B220E0063CFB4 /* PBXContainerItemProxy */ = {
			isa = PBXContainerItemProxy;
			containerPortal = 96660843202B220E0063CFB4 /* Project object */;
			proxyType = 1;
			remoteGlobalIDString = 9666084A202B220E0063CFB4;
			remoteInfo = GitxCode;
		};
/* End PBXContainerItemProxy section */

/* Begin PBXFileReference section */
		9666084B202B220E0063CFB4 /* GitxCode.app */ = {isa = PBXFileReference; explicitFileType = wrapper.application; includeInIndex = 0; path = GitxCode.app; sourceTree = BUILT_PRODUCTS_DIR; };
		9666084E202B220E0063CFB4 /* AppDelegate.swift */ = {isa = PBXFileReference; lastKnownFileType = sourcecode.swift; path = AppDelegate.swift; sourceTree = "<group>"; };
		96660850202B220E0063CFB4 /* ViewController.swift */ = {isa = PBXFileReference; lastKnownFileType = sourcecode.swift; path = ViewController.swift; sourceTree = "<group>"; };
		96660853202B220E0063CFB4 /* Base */ = {isa = PBXFileReference; lastKnownFileType = file.storyboard; name = Base; path = Base.lproj/Main.storyboard; sourceTree = "<group>"; };
		96660856202B220E0063CFB4 /* GitxCode.xcdatamodel */ = {isa = PBXFileReference; lastKnownFileType = wrapper.xcdatamodel; path = GitxCode.xcdatamodel; sourceTree = "<group>"; };
		96660858202B220E0063CFB4 /* Assets.xcassets */ = {isa = PBXFileReference; lastKnownFileType = folder.assetcatalog; path = Assets.xcassets; sourceTree = "<group>"; };
		9666085B202B220E0063CFB4 /* Base */ = {isa = PBXFileReference; lastKnownFileType = file.storyboard; name = Base; path = Base.lproj/LaunchScreen.storyboard; sourceTree = "<group>"; };
		9666085D202B220E0063CFB4 /* Info.plist */ = {isa = PBXFileReference; lastKnownFileType = text.plist.xml; path = Info.plist; sourceTree = "<group>"; };
		96660862202B220E0063CFB4 /* GitxCodeTests.xctest */ = {isa = PBXFileReference; explicitFileType = wrapper.cfbundle; includeInIndex = 0; path = GitxCodeTests.xctest; sourceTree = BUILT_PRODUCTS_DIR; };
		96660866202B220E0063CFB4 /* GitxCodeTests.swift */ = {isa = PBXFileReference; lastKnownFileType = sourcecode.swift; path = GitxCodeTests.swift; sourceTree = "<group>"; };
		96660868202B220E0063CFB4 /* Info.plist */ = {isa = PBXFileReference; lastKnownFileType = text.plist.xml; path = Info.plist; sourceTree = "<group>"; };
		9666086D202B220E0063CFB4 /* GitxCodeUITests.xctest */ = {isa = PBXFileReference; explicitFileType = wrapper.cfbundle; includeInIndex = 0; path = GitxCodeUITests.xctest; sourceTree = BUILT_PRODUCTS_DIR; };
		96660871202B220E0063CFB4 /* GitxCodeUITests.swift */ = {isa = PBXFileReference; lastKnownFileType = sourcecode.swift; path = GitxCodeUITests.swift; sourceTree = "<group>"; };
		96660873202B220E0063CFB4 /* Info.plist */ = {isa = PBXFileReference; lastKnownFileType = text.plist.xml; path = Info.plist; sourceTree = "<group>"; };
/* End PBXFileReference section */

/* Begin PBXFrameworksBuildPhase section */
		96660848202B220E0063CFB4 /* Frameworks */ = {
			isa = PBXFrameworksBuildPhase;
			buildActionMask = 2147483647;
			files = (
			);
			runOnlyForDeploymentPostprocessing = 0;
		};
		9666085F202B220E0063CFB4 /* Frameworks */ = {
			isa = PBXFrameworksBuildPhase;
			buildActionMask = 2147483647;
			files = (
			);
			runOnlyForDeploymentPostprocessing = 0;
		};
		9666086A202B220E0063CFB4 /* Frameworks */ = {
			isa = PBXFrameworksBuildPhase;
			buildActionMask = 2147483647;
			files = (
			);
			runOnlyForDeploymentPostprocessing = 0;
		};
/* End PBXFrameworksBuildPhase section */

/* Begin PBXGroup section */
		96660842202B220E0063CFB4 = {
			isa = PBXGroup;
			children = (
				9666084D202B220E0063CFB4 /* GitxCode */,
				96660865202B220E0063CFB4 /* GitxCodeTests */,
				96660870202B220E0063CFB4 /* GitxCodeUITests */,
				9666084C202B220E0063CFB4 /* Products */,
			);
			sourceTree = "<group>";
		};
		9666084C202B220E0063CFB4 /* Products */ = {
			isa = PBXGroup;
			children = (
				9666084B202B220E0063CFB4 /* GitxCode.app */,
				96660862202B220E0063CFB4 /* GitxCodeTests.xctest */,
				9666086D202B220E0063CFB4 /* GitxCodeUITests.xctest */,
			);
			name = Products;
			sourceTree = "<group>";
		};
		9666084D202B220E0063CFB4 /* GitxCode */ = {
			isa = PBXGroup;
			children = (
				9666084E202B220E0063CFB4 /* AppDelegate.swift */,
				96660850202B220E0063CFB4 /* ViewController.swift */,
				96660852202B220E0063CFB4 /* Main.storyboard */,
				96660858202B220E0063CFB4 /* Assets.xcassets */,
				9666085A202B220E0063CFB4 /* LaunchScreen.storyboard */,
				9666085D202B220E0063CFB4 /* Info.plist */,
				96660855202B220E0063CFB4 /* GitxCode.xcdatamodeld */,
			);
			path = GitxCode;
			sourceTree = "<group>";
		};
		96660865202B220E0063CFB4 /* GitxCodeTests */ = {
			isa = PBXGroup;
			children = (
				96660866202B220E0063CFB4 /* GitxCodeTests.swift */,
				96660868202B220E0063CFB4 /* Info.plist */,
			);
			path = GitxCodeTests;
			sourceTree = "<group>";
		};
		96660870202B220E0063CFB4 /* GitxCodeUITests */ = {
			isa = PBXGroup;
			children = (
				96660871202B220E0063CFB4 /* GitxCodeUITests.swift */,
				96660873202B220E0063CFB4 /* Info.plist */,
			);
			path = GitxCodeUITests;
			sourceTree = "<group>";
		};
/* End PBXGroup section */

/* Begin PBXNativeTarget section */
		9666084A202B220E0063CFB4 /* GitxCode */ = {
			isa = PBXNativeTarget;
			buildConfigurationList = 96660876202B220F0063CFB4 /* Build configuration list for PBXNativeTarget "GitxCode" */;
			buildPhases = (
				96660847202B220E0063CFB4 /* Sources */,
				96660848202B220E0063CFB4 /* Frameworks */,
				96660849202B220E0063CFB4 /* Resources */,
			);
			buildRules = (
			);
			dependencies = (
			);
			name = GitxCode;
			productName = GitxCode;
			productReference = 9666084B202B220E0063CFB4 /* GitxCode.app */;
			productType = "com.apple.product-type.application";
		};
		96660861202B220E0063CFB4 /* GitxCodeTests */ = {
			isa = PBXNativeTarget;
			buildConfigurationList = 96660879202B220F0063CFB4 /* Build configuration list for PBXNativeTarget "GitxCodeTests" */;
			buildPhases = (
				9666085E202B220E0063CFB4 /* Sources */,
				9666085F202B220E0063CFB4 /* Frameworks */,
				96660860202B220E0063CFB4 /* Resources */,
			);
			buildRules = (
			);
			dependencies = (
				96660864202B220E0063CFB4 /* PBXTargetDependency */,
			);
			name = GitxCodeTests;
			productName = GitxCodeTests;
			productReference = 96660862202B220E0063CFB4 /* GitxCodeTests.xctest */;
			productType = "com.apple.product-type.bundle.unit-test";
		};
		9666086C202B220E0063CFB4 /* GitxCodeUITests */ = {
			isa = PBXNativeTarget;
			buildConfigurationList = 9666087C202B220F0063CFB4 /* Build configuration list for PBXNativeTarget "GitxCodeUITests" */;
			buildPhases = (
				96660869202B220E0063CFB4 /* Sources */,
				9666086A202B220E0063CFB4 /* Frameworks */,
				9666086B202B220E0063CFB4 /* Resources */,
			);
			buildRules = (
			);
			dependencies = (
				9666086F202B220E0063CFB4 /* PBXTargetDependency */,
			);
			name = GitxCodeUITests;
			productName = GitxCodeUITests;
			productReference = 9666086D202B220E0063CFB4 /* GitxCodeUITests.xctest */;
			productType = "com.apple.product-type.bundle.ui-testing";
		};
/* End PBXNativeTarget section */

/* Begin PBXProject section */
		96660843202B220E0063CFB4 /* Project object */ = {
			isa = PBXProject;
			attributes = {
				LastSwiftUpdateCheck = 0920;
				LastUpgradeCheck = 0920;
				ORGANIZATIONNAME = CL;
				TargetAttributes = {
					9666084A202B220E0063CFB4 = {
						CreatedOnToolsVersion = 9.2;
						ProvisioningStyle = Automatic;
					};
					96660861202B220E0063CFB4 = {
						CreatedOnToolsVersion = 9.2;
						ProvisioningStyle = Automatic;
						TestTargetID = 9666084A202B220E0063CFB4;
					};
					9666086C202B220E0063CFB4 = {
						CreatedOnToolsVersion = 9.2;
						ProvisioningStyle = Automatic;
						TestTargetID = 9666084A202B220E0063CFB4;
					};
				};
			};
			buildConfigurationList = 96660846202B220E0063CFB4 /* Build configuration list for PBXProject "GitxCode" */;
			compatibilityVersion = "Xcode 8.0";
			developmentRegion = en;
			hasScannedForEncodings = 0;
			knownRegions = (
				en,
				Base,
			);
			mainGroup = 96660842202B220E0063CFB4;
			productRefGroup = 9666084C202B220E0063CFB4 /* Products */;
			projectDirPath = "";
			projectRoot = "";
			targets = (
				9666084A202B220E0063CFB4 /* GitxCode */,
				96660861202B220E0063CFB4 /* GitxCodeTests */,
				9666086C202B220E0063CFB4 /* GitxCodeUITests */,
			);
		};
/* End PBXProject section */

/* Begin PBXResourcesBuildPhase section */
		96660849202B220E0063CFB4 /* Resources */ = {
			isa = PBXResourcesBuildPhase;
			buildActionMask = 2147483647;
			files = (
				9666085C202B220E0063CFB4 /* LaunchScreen.storyboard in Resources */,
				96660859202B220E0063CFB4 /* Assets.xcassets in Resources */,
				96660854202B220E0063CFB4 /* Main.storyboard in Resources */,
			);
			runOnlyForDeploymentPostprocessing = 0;
		};
		96660860202B220E0063CFB4 /* Resources */ = {
			isa = PBXResourcesBuildPhase;
			buildActionMask = 2147483647;
			files = (
			);
			runOnlyForDeploymentPostprocessing = 0;
		};
		9666086B202B220E0063CFB4 /* Resources */ = {
			isa = PBXResourcesBuildPhase;
			buildActionMask = 2147483647;
			files = (
			);
			runOnlyForDeploymentPostprocessing = 0;
		};
/* End PBXResourcesBuildPhase section */

/* Begin PBXSourcesBuildPhase section */
		96660847202B220E0063CFB4 /* Sources */ = {
			isa = PBXSourcesBuildPhase;
			buildActionMask = 2147483647;
			files = (
				96660851202B220E0063CFB4 /* ViewController.swift in Sources */,
				96660857202B220E0063CFB4 /* GitxCode.xcdatamodeld in Sources */,
				9666084F202B220E0063CFB4 /* AppDelegate.swift in Sources */,
			);
			runOnlyForDeploymentPostprocessing = 0;
		};
		9666085E202B220E0063CFB4 /* Sources */ = {
			isa = PBXSourcesBuildPhase;
			buildActionMask = 2147483647;
			files = (
				96660867202B220E0063CFB4 /* GitxCodeTests.swift in Sources */,
			);
			runOnlyForDeploymentPostprocessing = 0;
		};
		96660869202B220E0063CFB4 /* Sources */ = {
			isa = PBXSourcesBuildPhase;
			buildActionMask = 2147483647;
			files = (
				96660872202B220E0063CFB4 /* GitxCodeUITests.swift in Sources */,
			);
			runOnlyForDeploymentPostprocessing = 0;
		};
/* End PBXSourcesBuildPhase section */

/* Begin PBXTargetDependency section */
		96660864202B220E0063CFB4 /* PBXTargetDependency */ = {
			isa = PBXTargetDependency;
			target = 9666084A202B220E0063CFB4 /* GitxCode */;
			targetProxy = 96660863202B220E0063CFB4 /* PBXContainerItemProxy */;
		};
		9666086F202B220E0063CFB4 /* PBXTargetDependency */ = {
			isa = PBXTargetDependency;
			target = 9666084A202B220E0063CFB4 /* GitxCode */;
			targetProxy = 9666086E202B220E0063CFB4 /* PBXContainerItemProxy */;
		};
/* End PBXTargetDependency section */

/* Begin PBXVariantGroup section */
		96660852202B220E0063CFB4 /* Main.storyboard */ = {
			isa = PBXVariantGroup;
			children = (
				96660853202B220E0063CFB4 /* Base */,
			);
			name = Main.storyboard;
			sourceTree = "<group>";
		};
		9666085A202B220E0063CFB4 /* LaunchScreen.storyboard */ = {
			isa = PBXVariantGroup;
			children = (
				9666085B202B220E0063CFB4 /* Base */,
			);
			name = LaunchScreen.storyboard;
			sourceTree = "<group>";
		};
/* End PBXVariantGroup section */

/* Begin XCBuildConfiguration section */
		96660874202B220E0063CFB4 /* Debug */ = {
			isa = XCBuildConfiguration;
			buildSettings = {
				ALWAYS_SEARCH_USER_PATHS = NO;
				CLANG_ANALYZER_NONNULL = YES;
				CLANG_ANALYZER_NUMBER_OBJECT_CONVERSION = YES_AGGRESSIVE;
				CLANG_CXX_LANGUAGE_STANDARD = "gnu++14";
				CLANG_CXX_LIBRARY = "libc++";
				CLANG_ENABLE_MODULES = YES;
				CLANG_ENABLE_OBJC_ARC = YES;
				CLANG_WARN_BLOCK_CAPTURE_AUTORELEASING = YES;
				CLANG_WARN_BOOL_CONVERSION = YES;
				CLANG_WARN_COMMA = YES;
				CLANG_WARN_CONSTANT_CONVERSION = YES;
				CLANG_WARN_DIRECT_OBJC_ISA_USAGE = YES_ERROR;
				CLANG_WARN_DOCUMENTATION_COMMENTS = YES;
				CLANG_WARN_EMPTY_BODY = YES;
				CLANG_WARN_ENUM_CONVERSION = YES;
				CLANG_WARN_INFINITE_RECURSION = YES;
				CLANG_WARN_INT_CONVERSION = YES;
				CLANG_WARN_NON_LITERAL_NULL_CONVERSION = YES;
				CLANG_WARN_OBJC_LITERAL_CONVERSION = YES;
				CLANG_WARN_OBJC_ROOT_CLASS = YES_ERROR;
				CLANG_WARN_RANGE_LOOP_ANALYSIS = YES;
				CLANG_WARN_STRICT_PROTOTYPES = YES;
				CLANG_WARN_SUSPICIOUS_MOVE = YES;
				CLANG_WARN_UNGUARDED_AVAILABILITY = YES_AGGRESSIVE;
				CLANG_WARN_UNREACHABLE_CODE = YES;
				CLANG_WARN__DUPLICATE_METHOD_MATCH = YES;
				CODE_SIGN_IDENTITY = "iPhone Developer";
				COPY_PHASE_STRIP = NO;
				DEBUG_INFORMATION_FORMAT = dwarf;
				ENABLE_STRICT_OBJC_MSGSEND = YES;
				ENABLE_TESTABILITY = YES;
				GCC_C_LANGUAGE_STANDARD = gnu11;
				GCC_DYNAMIC_NO_PIC = NO;
				GCC_NO_COMMON_BLOCKS = YES;
				GCC_OPTIMIZATION_LEVEL = 0;
				GCC_PREPROCESSOR_DEFINITIONS = (
					"DEBUG=1",
					"$(inherited)",
				);
				GCC_WARN_64_TO_32_BIT_CONVERSION = YES;
				GCC_WARN_ABOUT_RETURN_TYPE = YES_ERROR;
				GCC_WARN_UNDECLARED_SELECTOR = YES;
				GCC_WARN_UNINITIALIZED_AUTOS = YES_AGGRESSIVE;
				GCC_WARN_UNUSED_FUNCTION = YES;
				GCC_WARN_UNUSED_VARIABLE = YES;
				IPHONEOS_DEPLOYMENT_TARGET = 11.2;
				MTL_ENABLE_DEBUG_INFO = YES;
				ONLY_ACTIVE_ARCH = YES;
				SDKROOT = iphoneos;
				SWIFT_ACTIVE_COMPILATION_CONDITIONS = DEBUG;
				SWIFT_OPTIMIZATION_LEVEL = "-Onone";
			};
			name = Debug;
		};
		96660875202B220F0063CFB4 /* Release */ = {
			isa = XCBuildConfiguration;
			buildSettings = {
				ALWAYS_SEARCH_USER_PATHS = NO;
				CLANG_ANALYZER_NONNULL = YES;
				CLANG_ANALYZER_NUMBER_OBJECT_CONVERSION = YES_AGGRESSIVE;
				CLANG_CXX_LANGUAGE_STANDARD = "gnu++14";
				CLANG_CXX_LIBRARY = "libc++";
				CLANG_ENABLE_MODULES = YES;
				CLANG_ENABLE_OBJC_ARC = YES;
				CLANG_WARN_BLOCK_CAPTURE_AUTORELEASING = YES;
				CLANG_WARN_BOOL_CONVERSION = YES;
				CLANG_WARN_COMMA = YES;
				CLANG_WARN_CONSTANT_CONVERSION = YES;
				CLANG_WARN_DIRECT_OBJC_ISA_USAGE = YES_ERROR;
				CLANG_WARN_DOCUMENTATION_COMMENTS = YES;
				CLANG_WARN_EMPTY_BODY = YES;
				CLANG_WARN_ENUM_CONVERSION = YES;
				CLANG_WARN_INFINITE_RECURSION = YES;
				CLANG_WARN_INT_CONVERSION = YES;
				CLANG_WARN_NON_LITERAL_NULL_CONVERSION = YES;
				CLANG_WARN_OBJC_LITERAL_CONVERSION = YES;
				CLANG_WARN_OBJC_ROOT_CLASS = YES_ERROR;
				CLANG_WARN_RANGE_LOOP_ANALYSIS = YES;
				CLANG_WARN_STRICT_PROTOTYPES = YES;
				CLANG_WARN_SUSPICIOUS_MOVE = YES;
				CLANG_WARN_UNGUARDED_AVAILABILITY = YES_AGGRESSIVE;
				CLANG_WARN_UNREACHABLE_CODE = YES;
				CLANG_WARN__DUPLICATE_METHOD_MATCH = YES;
				CODE_SIGN_IDENTITY = "iPhone Developer";
				COPY_PHASE_STRIP = NO;
				DEBUG_INFORMATION_FORMAT = "dwarf-with-dsym";
				ENABLE_NS_ASSERTIONS = NO;
				ENABLE_STRICT_OBJC_MSGSEND = YES;
				GCC_C_LANGUAGE_STANDARD = gnu11;
				GCC_NO_COMMON_BLOCKS = YES;
				GCC_WARN_64_TO_32_BIT_CONVERSION = YES;
				GCC_WARN_ABOUT_RETURN_TYPE = YES_ERROR;
				GCC_WARN_UNDECLARED_SELECTOR = YES;
				GCC_WARN_UNINITIALIZED_AUTOS = YES_AGGRESSIVE;
				GCC_WARN_UNUSED_FUNCTION = YES;
				GCC_WARN_UNUSED_VARIABLE = YES;
				IPHONEOS_DEPLOYMENT_TARGET = 11.2;
				MTL_ENABLE_DEBUG_INFO = NO;
				SDKROOT = iphoneos;
				SWIFT_OPTIMIZATION_LEVEL = "-Owholemodule";
				VALIDATE_PRODUCT = YES;
			};
			name = Release;
		};
		96660877202B220F0063CFB4 /* Debug */ = {
			isa = XCBuildConfiguration;
			buildSettings = {
				ASSETCATALOG_COMPILER_APPICON_NAME = AppIcon;
				CODE_SIGN_STYLE = Automatic;
				DEVELOPMENT_TEAM = E8EBL25426;
				INFOPLIST_FILE = GitxCode/Info.plist;
				LD_RUNPATH_SEARCH_PATHS = "$(inherited) @executable_path/Frameworks";
				PRODUCT_BUNDLE_IDENTIFIER = CL.GitxCode;
				PRODUCT_NAME = "$(TARGET_NAME)";
				SWIFT_VERSION = 4.0;
				TARGETED_DEVICE_FAMILY = "1,2";
			};
			name = Debug;
		};
		96660878202B220F0063CFB4 /* Release */ = {
			isa = XCBuildConfiguration;
			buildSettings = {
				ASSETCATALOG_COMPILER_APPICON_NAME = AppIcon;
				CODE_SIGN_STYLE = Automatic;
				DEVELOPMENT_TEAM = E8EBL25426;
				INFOPLIST_FILE = GitxCode/Info.plist;
				LD_RUNPATH_SEARCH_PATHS = "$(inherited) @executable_path/Frameworks";
				PRODUCT_BUNDLE_IDENTIFIER = CL.GitxCode;
				PRODUCT_NAME = "$(TARGET_NAME)";
				SWIFT_VERSION = 4.0;
				TARGETED_DEVICE_FAMILY = "1,2";
			};
			name = Release;
		};
		9666087A202B220F0063CFB4 /* Debug */ = {
			isa = XCBuildConfiguration;
			buildSettings = {
				ALWAYS_EMBED_SWIFT_STANDARD_LIBRARIES = YES;
				BUNDLE_LOADER = "$(TEST_HOST)";
				CODE_SIGN_STYLE = Automatic;
				DEVELOPMENT_TEAM = CR6EBSG256;
				INFOPLIST_FILE = GitxCodeTests/Info.plist;
				LD_RUNPATH_SEARCH_PATHS = "$(inherited) @executable_path/Frameworks @loader_path/Frameworks";
				PRODUCT_BUNDLE_IDENTIFIER = CL.GitxCodeTests;
				PRODUCT_NAME = "$(TARGET_NAME)";
				SWIFT_VERSION = 4.0;
				TARGETED_DEVICE_FAMILY = "1,2";
				TEST_HOST = "$(BUILT_PRODUCTS_DIR)/GitxCode.app/GitxCode";
			};
			name = Debug;
		};
		9666087B202B220F0063CFB4 /* Release */ = {
			isa = XCBuildConfiguration;
			buildSettings = {
				ALWAYS_EMBED_SWIFT_STANDARD_LIBRARIES = YES;
				BUNDLE_LOADER = "$(TEST_HOST)";
				CODE_SIGN_STYLE = Automatic;
				DEVELOPMENT_TEAM = CR6EBSG256;
				INFOPLIST_FILE = GitxCodeTests/Info.plist;
				LD_RUNPATH_SEARCH_PATHS = "$(inherited) @executable_path/Frameworks @loader_path/Frameworks";
				PRODUCT_BUNDLE_IDENTIFIER = CL.GitxCodeTests;
				PRODUCT_NAME = "$(TARGET_NAME)";
				SWIFT_VERSION = 4.0;
				TARGETED_DEVICE_FAMILY = "1,2";
				TEST_HOST = "$(BUILT_PRODUCTS_DIR)/GitxCode.app/GitxCode";
			};
			name = Release;
		};
		9666087D202B220F0063CFB4 /* Debug */ = {
			isa = XCBuildConfiguration;
			buildSettings = {
				ALWAYS_EMBED_SWIFT_STANDARD_LIBRARIES = YES;
				CODE_SIGN_STYLE = Automatic;
				DEVELOPMENT_TEAM = CR6EBSG256;
				INFOPLIST_FILE = GitxCodeUITests/Info.plist;
				LD_RUNPATH_SEARCH_PATHS = "$(inherited) @executable_path/Frameworks @loader_path/Frameworks";
				PRODUCT_BUNDLE_IDENTIFIER = CL.GitxCodeUITests;
				PRODUCT_NAME = "$(TARGET_NAME)";
				SWIFT_VERSION = 4.0;
				TARGETED_DEVICE_FAMILY = "1,2";
				TEST_TARGET_NAME = GitxCode;
			};
			name = Debug;
		};
		9666087E202B220F0063CFB4 /* Release */ = {
			isa = XCBuildConfiguration;
			buildSettings = {
				ALWAYS_EMBED_SWIFT_STANDARD_LIBRARIES = YES;
				CODE_SIGN_STYLE = Automatic;
				DEVELOPMENT_TEAM = CR6EBSG256;
				INFOPLIST_FILE = GitxCodeUITests/Info.plist;
				LD_RUNPATH_SEARCH_PATHS = "$(inherited) @executable_path/Frameworks @loader_path/Frameworks";
				PRODUCT_BUNDLE_IDENTIFIER = CL.GitxCodeUITests;
				PRODUCT_NAME = "$(TARGET_NAME)";
				SWIFT_VERSION = 4.0;
				TARGETED_DEVICE_FAMILY = "1,2";
				TEST_TARGET_NAME = GitxCode;
			};
			name = Release;
		};
/* End XCBuildConfiguration section */

/* Begin XCConfigurationList section */
		96660846202B220E0063CFB4 /* Build configuration list for PBXProject "GitxCode" */ = {
			isa = XCConfigurationList;
			buildConfigurations = (
				96660874202B220E0063CFB4 /* Debug */,
				96660875202B220F0063CFB4 /* Release */,
			);
			defaultConfigurationIsVisible = 0;
			defaultConfigurationName = Release;
		};
		96660876202B220F0063CFB4 /* Build configuration list for PBXNativeTarget "GitxCode" */ = {
			isa = XCConfigurationList;
			buildConfigurations = (
				96660877202B220F0063CFB4 /* Debug */,
				96660878202B220F0063CFB4 /* Release */,
			);
			defaultConfigurationIsVisible = 0;
			defaultConfigurationName = Release;
		};
		96660879202B220F0063CFB4 /* Build configuration list for PBXNativeTarget "GitxCodeTests" */ = {
			isa = XCConfigurationList;
			buildConfigurations = (
				9666087A202B220F0063CFB4 /* Debug */,
				9666087B202B220F0063CFB4 /* Release */,
			);
			defaultConfigurationIsVisible = 0;
			defaultConfigurationName = Release;
		};
		9666087C202B220F0063CFB4 /* Build configuration list for PBXNativeTarget "GitxCodeUITests" */ = {
			isa = XCConfigurationList;
			buildConfigurations = (
				9666087D202B220F0063CFB4 /* Debug */,
				9666087E202B220F0063CFB4 /* Release */,
			);
			defaultConfigurationIsVisible = 0;
			defaultConfigurationName = Release;
		};
/* End XCConfigurationList section */

/* Begin XCVersionGroup section */
		96660855202B220E0063CFB4 /* GitxCode.xcdatamodeld */ = {
			isa = XCVersionGroup;
			children = (
				96660856202B220E0063CFB4 /* GitxCode.xcdatamodel */,
			);
			currentVersion = 96660856202B220E0063CFB4 /* GitxCode.xcdatamodel */;
			path = GitxCode.xcdatamodeld;
			sourceTree = "<group>";
			versionGroupType = wrapper.xcdatamodel;
		};
/* End XCVersionGroup section */
	};
	rootObject = 96660843202B220E0063CFB4 /* Project object */;
}
